
Microsoft Visual Studio Solution File, Format Version 12.00
# Visual Studio Version 16
VisualStudioVersion = 16.0.29025.244
MinimumVisualStudioVersion = 10.0.40219.1
Project("{FAE04EC0-301F-11D3-BF4B-00C04F79EFBC}") = "libreriaMatematica", "libreriaMatematica\libreriaMatematica.csproj", "{A9705974-AA8C-45E8-8C58-48EE861C9B1F}"
EndProject
Project("{FAE04EC0-301F-11D3-BF4B-00C04F79EFBC}") = "testLibreria", "testLibreria\testLibreria.csproj", "{2DA8CAC4-7B41-4B1B-BEE2-B39E45CC2E6E}"
EndProject
Global
	GlobalSection(SolutionConfigurationPlatforms) = preSolution
		Debug|Any CPU = Debug|Any CPU
		Release|Any CPU = Release|Any CPU
	EndGlobalSection
	GlobalSection(ProjectConfigurationPlatforms) = postSolution
		{A9705974-AA8C-45E8-8C58-48EE861C9B1F}.Debug|Any CPU.ActiveCfg = Debug|Any CPU
		{A9705974-AA8C-45E8-8C58-48EE861C9B1F}.Debug|Any CPU.Build.0 = Debug|Any CPU
		{A9705974-AA8C-45E8-8C58-48EE861C9B1F}.Release|Any CPU.ActiveCfg = Release|Any CPU
		{A9705974-AA8C-45E8-8C58-48EE861C9B1F}.Release|Any CPU.Build.0 = Release|Any CPU
		{2DA8CAC4-7B41-4B1B-BEE2-B39E45CC2E6E}.Debug|Any CPU.ActiveCfg = Debug|Any CPU
		{2DA8CAC4-7B41-4B1B-BEE2-B39E45CC2E6E}.Debug|Any CPU.Build.0 = Debug|Any CPU
		{2DA8CAC4-7B41-4B1B-BEE2-B39E45CC2E6E}.Release|Any CPU.ActiveCfg = Release|Any CPU
		{2DA8CAC4-7B41-4B1B-BEE2-B39E45CC2E6E}.Release|Any CPU.Build.0 = Release|Any CPU
	EndGlobalSection
	GlobalSection(SolutionProperties) = preSolution
		HideSolutionNode = FALSE
	EndGlobalSection
	GlobalSection(ExtensibilityGlobals) = postSolution
		SolutionGuid = {0EF1F8A6-53F2-4EDA-B70C-F35EAFA8529A}
	EndGlobalSection
EndGlobal
